
Microsoft Visual Studio Solution File, Format Version 12.00
# Visual Studio Version 16
VisualStudioVersion = 16.0.30517.126
MinimumVisualStudioVersion = 10.0.40219.1
Project("{8BC9CEB8-8B4A-11D0-8D11-00A0C91BC942}") = "ch4_expressions", "ch4_expressions.vcxproj", "{40B2B1EA-70C3-4D8C-A425-1A943710CB0E}"
EndProject
Global
	GlobalSection(SolutionConfigurationPlatforms) = preSolution
		Debug|x64 = Debug|x64
		Debug|x86 = Debug|x86
		Release|x64 = Release|x64
		Release|x86 = Release|x86
	EndGlobalSection
	GlobalSection(ProjectConfigurationPlatforms) = postSolution
		{40B2B1EA-70C3-4D8C-A425-1A943710CB0E}.Debug|x64.ActiveCfg = Debug|x64
		{40B2B1EA-70C3-4D8C-A425-1A943710CB0E}.Debug|x64.Build.0 = Debug|x64
		{40B2B1EA-70C3-4D8C-A425-1A943710CB0E}.Debug|x86.ActiveCfg = Debug|Win32
		{40B2B1EA-70C3-4D8C-A425-1A943710CB0E}.Debug|x86.Build.0 = Debug|Win32
		{40B2B1EA-70C3-4D8C-A425-1A943710CB0E}.Release|x64.ActiveCfg = Release|x64
		{40B2B1EA-70C3-4D8C-A425-1A943710CB0E}.Release|x64.Build.0 = Release|x64
		{40B2B1EA-70C3-4D8C-A425-1A943710CB0E}.Release|x86.ActiveCfg = Release|Win32
		{40B2B1EA-70C3-4D8C-A425-1A943710CB0E}.Release|x86.Build.0 = Release|Win32
	EndGlobalSection
	GlobalSection(SolutionProperties) = preSolution
		HideSolutionNode = FALSE
	EndGlobalSection
	GlobalSection(ExtensibilityGlobals) = postSolution
		SolutionGuid = {D1DE2B34-0CC6-4FB6-AF18-F4A1337E4CE4}
	EndGlobalSection
EndGlobal
